
Microsoft Visual Studio Solution File, Format Version 12.00
# Visual Studio Version 17
VisualStudioVersion = 17.0.31903.59
MinimumVisualStudioVersion = 10.0.40219.1
Project("{2150E333-8FDC-42A3-9474-1A3956D46DE8}") = "src", "src", "{827E0CD3-B72D-47B6-A68D-7590B98EB39B}"
EndProject
Project("{FAE04EC0-301F-11D3-BF4B-00C04F79EFBC}") = "FlightFinder.App", "src\FlightFinder.App\FlightFinder.App.csproj", "{E950A0B2-A098-4D25-BDDF-5AD8E829E057}"
EndProject
Project("{2150E333-8FDC-42A3-9474-1A3956D46DE8}") = "tests", "tests", "{0AB3BF05-4346-4AA6-1389-037BE0695223}"
EndProject
Project("{FAE04EC0-301F-11D3-BF4B-00C04F79EFBC}") = "FlightFinder.UiTests", "tests\FlightFinder.UiTests\FlightFinder.UiTests.csproj", "{DC5F6044-7CBD-4225-94A8-A91E6CB2FEEB}"
EndProject
Global
	GlobalSection(SolutionConfigurationPlatforms) = preSolution
		Debug|Any CPU = Debug|Any CPU
		Debug|x64 = Debug|x64
		Debug|x86 = Debug|x86
		Release|Any CPU = Release|Any CPU
		Release|x64 = Release|x64
		Release|x86 = Release|x86
	EndGlobalSection
	GlobalSection(ProjectConfigurationPlatforms) = postSolution
		{E950A0B2-A098-4D25-BDDF-5AD8E829E057}.Debug|Any CPU.ActiveCfg = Debug|Any CPU
		{E950A0B2-A098-4D25-BDDF-5AD8E829E057}.Debug|Any CPU.Build.0 = Debug|Any CPU
		{E950A0B2-A098-4D25-BDDF-5AD8E829E057}.Debug|x64.ActiveCfg = Debug|Any CPU
		{E950A0B2-A098-4D25-BDDF-5AD8E829E057}.Debug|x64.Build.0 = Debug|Any CPU
		{E950A0B2-A098-4D25-BDDF-5AD8E829E057}.Debug|x86.ActiveCfg = Debug|Any CPU
		{E950A0B2-A098-4D25-BDDF-5AD8E829E057}.Debug|x86.Build.0 = Debug|Any CPU
		{E950A0B2-A098-4D25-BDDF-5AD8E829E057}.Release|Any CPU.ActiveCfg = Release|Any CPU
		{E950A0B2-A098-4D25-BDDF-5AD8E829E057}.Release|Any CPU.Build.0 = Release|Any CPU
		{E950A0B2-A098-4D25-BDDF-5AD8E829E057}.Release|x64.ActiveCfg = Release|Any CPU
		{E950A0B2-A098-4D25-BDDF-5AD8E829E057}.Release|x64.Build.0 = Release|Any CPU
		{E950A0B2-A098-4D25-BDDF-5AD8E829E057}.Release|x86.ActiveCfg = Release|Any CPU
		{E950A0B2-A098-4D25-BDDF-5AD8E829E057}.Release|x86.Build.0 = Release|Any CPU
		{DC5F6044-7CBD-4225-94A8-A91E6CB2FEEB}.Debug|Any CPU.ActiveCfg = Debug|Any CPU
		{DC5F6044-7CBD-4225-94A8-A91E6CB2FEEB}.Debug|Any CPU.Build.0 = Debug|Any CPU
		{DC5F6044-7CBD-4225-94A8-A91E6CB2FEEB}.Debug|x64.ActiveCfg = Debug|Any CPU
		{DC5F6044-7CBD-4225-94A8-A91E6CB2FEEB}.Debug|x64.Build.0 = Debug|Any CPU
		{DC5F6044-7CBD-4225-94A8-A91E6CB2FEEB}.Debug|x86.ActiveCfg = Debug|Any CPU
		{DC5F6044-7CBD-4225-94A8-A91E6CB2FEEB}.Debug|x86.Build.0 = Debug|Any CPU
		{DC5F6044-7CBD-4225-94A8-A91E6CB2FEEB}.Release|Any CPU.ActiveCfg = Release|Any CPU
		{DC5F6044-7CBD-4225-94A8-A91E6CB2FEEB}.Release|Any CPU.Build.0 = Release|Any CPU
		{DC5F6044-7CBD-4225-94A8-A91E6CB2FEEB}.Release|x64.ActiveCfg = Release|Any CPU
		{DC5F6044-7CBD-4225-94A8-A91E6CB2FEEB}.Release|x64.Build.0 = Release|Any CPU
		{DC5F6044-7CBD-4225-94A8-A91E6CB2FEEB}.Release|x86.ActiveCfg = Release|Any CPU
		{DC5F6044-7CBD-4225-94A8-A91E6CB2FEEB}.Release|x86.Build.0 = Release|Any CPU
	EndGlobalSection
	GlobalSection(SolutionProperties) = preSolution
		HideSolutionNode = FALSE
	EndGlobalSection
	GlobalSection(NestedProjects) = preSolution
		{E950A0B2-A098-4D25-BDDF-5AD8E829E057} = {827E0CD3-B72D-47B6-A68D-7590B98EB39B}
		{DC5F6044-7CBD-4225-94A8-A91E6CB2FEEB} = {0AB3BF05-4346-4AA6-1389-037BE0695223}
	EndGlobalSection
EndGlobal
